
Microsoft Visual Studio Solution File, Format Version 12.00
# Visual Studio 14
VisualStudioVersion = 14.0.25420.1
MinimumVisualStudioVersion = 10.0.40219.1
Project("{8BC9CEB8-8B4A-11D0-8D11-00A0C91BC942}") = "DSPlugIn", "msvc6\DSPlugIn\DSPlugIn.vcxproj", "{C703BBC3-30A9-40DA-8A67-46CA403B58C5}"
EndProject
Project("{8BC9CEB8-8B4A-11D0-8D11-00A0C91BC942}") = "DllPlugInTester", "DllPlugInTester\DllPlugInTester.vcxproj", "{9A8DCDF6-58DA-4325-BC38-507B1EC03551}"
EndProject
Project("{8BC9CEB8-8B4A-11D0-8D11-00A0C91BC942}") = "TestPlugInRunner", "msvc6\testpluginrunner\TestPlugInRunner.vcxproj", "{EA6E400B-E713-48F9-B53B-EE27360F675D}"
EndProject
Project("{8BC9CEB8-8B4A-11D0-8D11-00A0C91BC942}") = "TestRunner", "msvc6\testrunner\TestRunner.vcxproj", "{B9EE1AE5-02EF-4B19-B34F-F781D6C4E3B4}"
EndProject
Project("{8BC9CEB8-8B4A-11D0-8D11-00A0C91BC942}") = "cppunit", "cppunit\cppunit.vcxproj", "{29B978D2-3D14-49A5-8319-A16E73F1AF8C}"
EndProject
Project("{8BC9CEB8-8B4A-11D0-8D11-00A0C91BC942}") = "cppunit_dll", "cppunit\cppunit_dll.vcxproj", "{96E73FF3-EC76-4207-8768-AD2F0A71DBBA}"
EndProject
Global
	GlobalSection(SolutionConfigurationPlatforms) = preSolution
		Debug Static|x86 = Debug Static|x86
		Debug Unicode|x86 = Debug Unicode|x86
		Debug|x86 = Debug|x86
		Release Static|x86 = Release Static|x86
		Release Unicode|x86 = Release Unicode|x86
		Release|x86 = Release|x86
		Template|x86 = Template|x86
	EndGlobalSection
	GlobalSection(ProjectConfigurationPlatforms) = postSolution
		{C703BBC3-30A9-40DA-8A67-46CA403B58C5}.Debug Static|x86.ActiveCfg = Debug Unicode|Win32
		{C703BBC3-30A9-40DA-8A67-46CA403B58C5}.Debug Static|x86.Build.0 = Debug Unicode|Win32
		{C703BBC3-30A9-40DA-8A67-46CA403B58C5}.Debug Unicode|x86.ActiveCfg = Debug Unicode|Win32
		{C703BBC3-30A9-40DA-8A67-46CA403B58C5}.Debug Unicode|x86.Build.0 = Debug Unicode|Win32
		{C703BBC3-30A9-40DA-8A67-46CA403B58C5}.Debug|x86.ActiveCfg = Debug|Win32
		{C703BBC3-30A9-40DA-8A67-46CA403B58C5}.Debug|x86.Build.0 = Debug|Win32
		{C703BBC3-30A9-40DA-8A67-46CA403B58C5}.Release Static|x86.ActiveCfg = Release Unicode|Win32
		{C703BBC3-30A9-40DA-8A67-46CA403B58C5}.Release Static|x86.Build.0 = Release Unicode|Win32
		{C703BBC3-30A9-40DA-8A67-46CA403B58C5}.Release Unicode|x86.ActiveCfg = Release Unicode|Win32
		{C703BBC3-30A9-40DA-8A67-46CA403B58C5}.Release Unicode|x86.Build.0 = Release Unicode|Win32
		{C703BBC3-30A9-40DA-8A67-46CA403B58C5}.Release|x86.ActiveCfg = Release|Win32
		{C703BBC3-30A9-40DA-8A67-46CA403B58C5}.Release|x86.Build.0 = Release|Win32
		{C703BBC3-30A9-40DA-8A67-46CA403B58C5}.Template|x86.ActiveCfg = Release Unicode|Win32
		{C703BBC3-30A9-40DA-8A67-46CA403B58C5}.Template|x86.Build.0 = Release Unicode|Win32
		{9A8DCDF6-58DA-4325-BC38-507B1EC03551}.Debug Static|x86.ActiveCfg = Debug Static|Win32
		{9A8DCDF6-58DA-4325-BC38-507B1EC03551}.Debug Static|x86.Build.0 = Debug Static|Win32
		{9A8DCDF6-58DA-4325-BC38-507B1EC03551}.Debug Unicode|x86.ActiveCfg = Debug Unicode|Win32
		{9A8DCDF6-58DA-4325-BC38-507B1EC03551}.Debug Unicode|x86.Build.0 = Debug Unicode|Win32
		{9A8DCDF6-58DA-4325-BC38-507B1EC03551}.Debug|x86.ActiveCfg = Debug|Win32
		{9A8DCDF6-58DA-4325-BC38-507B1EC03551}.Debug|x86.Build.0 = Debug|Win32
		{9A8DCDF6-58DA-4325-BC38-507B1EC03551}.Release Static|x86.ActiveCfg = Release Static|Win32
		{9A8DCDF6-58DA-4325-BC38-507B1EC03551}.Release Static|x86.Build.0 = Release Static|Win32
		{9A8DCDF6-58DA-4325-BC38-507B1EC03551}.Release Unicode|x86.ActiveCfg = Release Unicode|Win32
		{9A8DCDF6-58DA-4325-BC38-507B1EC03551}.Release Unicode|x86.Build.0 = Release Unicode|Win32
		{9A8DCDF6-58DA-4325-BC38-507B1EC03551}.Release|x86.ActiveCfg = Release|Win32
		{9A8DCDF6-58DA-4325-BC38-507B1EC03551}.Release|x86.Build.0 = Release|Win32
		{9A8DCDF6-58DA-4325-BC38-507B1EC03551}.Template|x86.ActiveCfg = Template|Win32
		{9A8DCDF6-58DA-4325-BC38-507B1EC03551}.Template|x86.Build.0 = Template|Win32
		{EA6E400B-E713-48F9-B53B-EE27360F675D}.Debug Static|x86.ActiveCfg = Debug|Win32
		{EA6E400B-E713-48F9-B53B-EE27360F675D}.Debug Static|x86.Build.0 = Debug|Win32
		{EA6E400B-E713-48F9-B53B-EE27360F675D}.Debug Unicode|x86.ActiveCfg = Debug|Win32
		{EA6E400B-E713-48F9-B53B-EE27360F675D}.Debug Unicode|x86.Build.0 = Debug|Win32
		{EA6E400B-E713-48F9-B53B-EE27360F675D}.Debug|x86.ActiveCfg = Debug|Win32
		{EA6E400B-E713-48F9-B53B-EE27360F675D}.Debug|x86.Build.0 = Debug|Win32
		{EA6E400B-E713-48F9-B53B-EE27360F675D}.Release Static|x86.ActiveCfg = Release|Win32
		{EA6E400B-E713-48F9-B53B-EE27360F675D}.Release Static|x86.Build.0 = Release|Win32
		{EA6E400B-E713-48F9-B53B-EE27360F675D}.Release Unicode|x86.ActiveCfg = Release|Win32
		{EA6E400B-E713-48F9-B53B-EE27360F675D}.Release Unicode|x86.Build.0 = Release|Win32
		{EA6E400B-E713-48F9-B53B-EE27360F675D}.Release|x86.ActiveCfg = Release|Win32
		{EA6E400B-E713-48F9-B53B-EE27360F675D}.Release|x86.Build.0 = Release|Win32
		{EA6E400B-E713-48F9-B53B-EE27360F675D}.Template|x86.ActiveCfg = Template|Win32
		{EA6E400B-E713-48F9-B53B-EE27360F675D}.Template|x86.Build.0 = Template|Win32
		{B9EE1AE5-02EF-4B19-B34F-F781D6C4E3B4}.Debug Static|x86.ActiveCfg = Debug Unicode|Win32
		{B9EE1AE5-02EF-4B19-B34F-F781D6C4E3B4}.Debug Static|x86.Build.0 = Debug Unicode|Win32
		{B9EE1AE5-02EF-4B19-B34F-F781D6C4E3B4}.Debug Unicode|x86.ActiveCfg = Debug Unicode|Win32
		{B9EE1AE5-02EF-4B19-B34F-F781D6C4E3B4}.Debug Unicode|x86.Build.0 = Debug Unicode|Win32
		{B9EE1AE5-02EF-4B19-B34F-F781D6C4E3B4}.Debug|x86.ActiveCfg = Debug|Win32
		{B9EE1AE5-02EF-4B19-B34F-F781D6C4E3B4}.Debug|x86.Build.0 = Debug|Win32
		{B9EE1AE5-02EF-4B19-B34F-F781D6C4E3B4}.Release Static|x86.ActiveCfg = Release Unicode|Win32
		{B9EE1AE5-02EF-4B19-B34F-F781D6C4E3B4}.Release Static|x86.Build.0 = Release Unicode|Win32
		{B9EE1AE5-02EF-4B19-B34F-F781D6C4E3B4}.Release Unicode|x86.ActiveCfg = Release Unicode|Win32
		{B9EE1AE5-02EF-4B19-B34F-F781D6C4E3B4}.Release Unicode|x86.Build.0 = Release Unicode|Win32
		{B9EE1AE5-02EF-4B19-B34F-F781D6C4E3B4}.Release|x86.ActiveCfg = Release|Win32
		{B9EE1AE5-02EF-4B19-B34F-F781D6C4E3B4}.Release|x86.Build.0 = Release|Win32
		{B9EE1AE5-02EF-4B19-B34F-F781D6C4E3B4}.Template|x86.ActiveCfg = Template|Win32
		{B9EE1AE5-02EF-4B19-B34F-F781D6C4E3B4}.Template|x86.Build.0 = Template|Win32
		{29B978D2-3D14-49A5-8319-A16E73F1AF8C}.Debug Static|x86.ActiveCfg = Debug|Win32
		{29B978D2-3D14-49A5-8319-A16E73F1AF8C}.Debug Static|x86.Build.0 = Debug|Win32
		{29B978D2-3D14-49A5-8319-A16E73F1AF8C}.Debug Unicode|x86.ActiveCfg = Debug|Win32
		{29B978D2-3D14-49A5-8319-A16E73F1AF8C}.Debug Unicode|x86.Build.0 = Debug|Win32
		{29B978D2-3D14-49A5-8319-A16E73F1AF8C}.Debug|x86.ActiveCfg = Debug|Win32
		{29B978D2-3D14-49A5-8319-A16E73F1AF8C}.Debug|x86.Build.0 = Debug|Win32
		{29B978D2-3D14-49A5-8319-A16E73F1AF8C}.Release Static|x86.ActiveCfg = Release|Win32
		{29B978D2-3D14-49A5-8319-A16E73F1AF8C}.Release Static|x86.Build.0 = Release|Win32
		{29B978D2-3D14-49A5-8319-A16E73F1AF8C}.Release Unicode|x86.ActiveCfg = Release|Win32
		{29B978D2-3D14-49A5-8319-A16E73F1AF8C}.Release Unicode|x86.Build.0 = Release|Win32
		{29B978D2-3D14-49A5-8319-A16E73F1AF8C}.Release|x86.ActiveCfg = Release|Win32
		{29B978D2-3D14-49A5-8319-A16E73F1AF8C}.Release|x86.Build.0 = Release|Win32
		{29B978D2-3D14-49A5-8319-A16E73F1AF8C}.Template|x86.ActiveCfg = Template|Win32
		{29B978D2-3D14-49A5-8319-A16E73F1AF8C}.Template|x86.Build.0 = Template|Win32
		{96E73FF3-EC76-4207-8768-AD2F0A71DBBA}.Debug Static|x86.ActiveCfg = Debug|Win32
		{96E73FF3-EC76-4207-8768-AD2F0A71DBBA}.Debug Static|x86.Build.0 = Debug|Win32
		{96E73FF3-EC76-4207-8768-AD2F0A71DBBA}.Debug Unicode|x86.ActiveCfg = Debug|Win32
		{96E73FF3-EC76-4207-8768-AD2F0A71DBBA}.Debug Unicode|x86.Build.0 = Debug|Win32
		{96E73FF3-EC76-4207-8768-AD2F0A71DBBA}.Debug|x86.ActiveCfg = Debug|Win32
		{96E73FF3-EC76-4207-8768-AD2F0A71DBBA}.Debug|x86.Build.0 = Debug|Win32
		{96E73FF3-EC76-4207-8768-AD2F0A71DBBA}.Release Static|x86.ActiveCfg = Release|Win32
		{96E73FF3-EC76-4207-8768-AD2F0A71DBBA}.Release Static|x86.Build.0 = Release|Win32
		{96E73FF3-EC76-4207-8768-AD2F0A71DBBA}.Release Unicode|x86.ActiveCfg = Release|Win32
		{96E73FF3-EC76-4207-8768-AD2F0A71DBBA}.Release Unicode|x86.Build.0 = Release|Win32
		{96E73FF3-EC76-4207-8768-AD2F0A71DBBA}.Release|x86.ActiveCfg = Release|Win32
		{96E73FF3-EC76-4207-8768-AD2F0A71DBBA}.Release|x86.Build.0 = Release|Win32
		{96E73FF3-EC76-4207-8768-AD2F0A71DBBA}.Template|x86.ActiveCfg = Template|Win32
		{96E73FF3-EC76-4207-8768-AD2F0A71DBBA}.Template|x86.Build.0 = Template|Win32
	EndGlobalSection
	GlobalSection(SolutionProperties) = preSolution
		HideSolutionNode = FALSE
	EndGlobalSection
EndGlobal
